
Microsoft Visual Studio Solution File, Format Version 12.00
# Visual Studio Version 17
VisualStudioVersion = 17.0.32112.339
MinimumVisualStudioVersion = 10.0.40219.1
Project("{FAE04EC0-301F-11D3-BF4B-00C04F79EFBC}") = "Lesson1DW", "Lesson1DW\Lesson1DW.csproj", "{BC003C7E-9F5C-413A-B4BB-1C500960A0F1}"
EndProject
Project("{FAE04EC0-301F-11D3-BF4B-00C04F79EFBC}") = "ChainOfResponsibility_HW", "ChainOfResponsibility_HW\ChainOfResponsibility_HW.csproj", "{A8557971-0BB5-44DF-B584-5EB42D54DB95}"
EndProject
Global
	GlobalSection(SolutionConfigurationPlatforms) = preSolution
		Debug|Any CPU = Debug|Any CPU
		Release|Any CPU = Release|Any CPU
	EndGlobalSection
	GlobalSection(ProjectConfigurationPlatforms) = postSolution
		{BC003C7E-9F5C-413A-B4BB-1C500960A0F1}.Debug|Any CPU.ActiveCfg = Debug|Any CPU
		{BC003C7E-9F5C-413A-B4BB-1C500960A0F1}.Debug|Any CPU.Build.0 = Debug|Any CPU
		{BC003C7E-9F5C-413A-B4BB-1C500960A0F1}.Release|Any CPU.ActiveCfg = Release|Any CPU
		{BC003C7E-9F5C-413A-B4BB-1C500960A0F1}.Release|Any CPU.Build.0 = Release|Any CPU
		{A8557971-0BB5-44DF-B584-5EB42D54DB95}.Debug|Any CPU.ActiveCfg = Debug|Any CPU
		{A8557971-0BB5-44DF-B584-5EB42D54DB95}.Debug|Any CPU.Build.0 = Debug|Any CPU
		{A8557971-0BB5-44DF-B584-5EB42D54DB95}.Release|Any CPU.ActiveCfg = Release|Any CPU
		{A8557971-0BB5-44DF-B584-5EB42D54DB95}.Release|Any CPU.Build.0 = Release|Any CPU
	EndGlobalSection
	GlobalSection(SolutionProperties) = preSolution
		HideSolutionNode = FALSE
	EndGlobalSection
	GlobalSection(ExtensibilityGlobals) = postSolution
		SolutionGuid = {E6CFFA80-CDA5-416B-AC7E-4B906181F87A}
	EndGlobalSection
EndGlobal
